{
  "nodes": {
    "door-entry-bluetooth-web-app": {
      "inputs": {
        "flake-utils": "flake-utils",
        "nixpkgs": "nixpkgs"
      },
      "locked": {
        "dir": "bluetooth-web-app",
        "lastModified": 1758128153,
        "narHash": "sha256-RZeNH/I/Y9vyUsQAXq2zqSDP9SwKMqerVNIndJy+K2U=",
        "owner": "leigh-hackspace",
        "repo": "door-entry-system",
        "rev": "b73b190b0a6188e45ac4d4786662688db2ec5634",
        "type": "github"
      },
      "original": {
        "dir": "bluetooth-web-app",
        "owner": "leigh-hackspace",
        "repo": "door-entry-system",
        "type": "github"
      }
    },
    "door-entry-management-system": {
      "inputs": {
        "flake-utils": "flake-utils_2",
        "nixpkgs": "nixpkgs_2"
      },
      "locked": {
        "dir": "management-system",
        "lastModified": 1758128153,
        "narHash": "sha256-RZeNH/I/Y9vyUsQAXq2zqSDP9SwKMqerVNIndJy+K2U=",
        "owner": "leigh-hackspace",
        "repo": "door-entry-system",
        "rev": "b73b190b0a6188e45ac4d4786662688db2ec5634",
        "type": "github"
      },
      "original": {
        "dir": "management-system",
        "owner": "leigh-hackspace",
        "repo": "door-entry-system",
        "type": "github"
      }
    },
    "flake-parts": {
      "inputs": {
        "nixpkgs-lib": "nixpkgs-lib"
      },
      "locked": {
        "lastModified": 1730504689,
        "narHash": "sha256-hgmguH29K2fvs9szpq2r3pz2/8cJd2LPS+b4tfNFCwE=",
        "owner": "hercules-ci",
        "repo": "flake-parts",
        "rev": "506278e768c2a08bec68eb62932193e341f55c90",
        "type": "github"
      },
      "original": {
        "owner": "hercules-ci",
        "repo": "flake-parts",
        "type": "github"
      }
    },
    "flake-utils": {
      "inputs": {
        "systems": "systems"
      },
      "locked": {
        "lastModified": 1731533236,
        "narHash": "sha256-l0KFg5HjrsfsO/JpG+r7fRrqm12kzFHyUHqHCVpMMbI=",
        "owner": "numtide",
        "repo": "flake-utils",
        "rev": "11707dc2f618dd54ca8739b309ec4fc024de578b",
        "type": "github"
      },
      "original": {
        "owner": "numtide",
        "repo": "flake-utils",
        "type": "github"
      }
    },
    "flake-utils_2": {
      "inputs": {
        "systems": "systems_2"
      },
      "locked": {
        "lastModified": 1731533236,
        "narHash": "sha256-l0KFg5HjrsfsO/JpG+r7fRrqm12kzFHyUHqHCVpMMbI=",
        "owner": "numtide",
        "repo": "flake-utils",
        "rev": "11707dc2f618dd54ca8739b309ec4fc024de578b",
        "type": "github"
      },
      "original": {
        "owner": "numtide",
        "repo": "flake-utils",
        "type": "github"
      }
    },
    "llama-cpp-leigh": {
      "inputs": {
        "flake-parts": "flake-parts",
        "nixpkgs": "nixpkgs_3"
      },
      "locked": {
        "lastModified": 1745426490,
        "narHash": "sha256-a1ypVJrKF3/nvnb+DqPI6X/KTovmpXJAekyAprXbrp4=",
        "owner": "leigh-hackspace",
        "repo": "llama.cpp",
        "rev": "6663356ca72250e769abf5094565f870a34b9103",
        "type": "github"
      },
      "original": {
        "owner": "leigh-hackspace",
        "ref": "master",
        "repo": "llama.cpp",
        "type": "github"
      }
    },
    "nixos-hardware": {
      "locked": {
        "lastModified": 1757943327,
        "narHash": "sha256-w6cDExPBqbq7fTLo4dZ1ozDGeq3yV6dSN4n/sAaS6OM=",
        "owner": "NixOS",
        "repo": "nixos-hardware",
        "rev": "67a709cfe5d0643dafd798b0b613ed579de8be05",
        "type": "github"
      },
      "original": {
        "owner": "NixOS",
        "ref": "master",
        "repo": "nixos-hardware",
        "type": "github"
      }
    },
    "nixpkgs": {
      "locked": {
        "lastModified": 1733808091,
        "narHash": "sha256-KWwINTQelKOoQgrXftxoqxmKFZb9pLVfnRvK270nkVk=",
        "owner": "NixOS",
        "repo": "nixpkgs",
        "rev": "a0f3e10d94359665dba45b71b4227b0aeb851f8e",
        "type": "github"
      },
      "original": {
        "owner": "NixOS",
        "ref": "nixos-24.11",
        "repo": "nixpkgs",
        "type": "github"
      }
    },
    "nixpkgs-lib": {
      "locked": {
        "lastModified": 1730504152,
        "narHash": "sha256-lXvH/vOfb4aGYyvFmZK/HlsNsr/0CVWlwYvo2rxJk3s=",
        "type": "tarball",
        "url": "https://github.com/NixOS/nixpkgs/archive/cc2f28000298e1269cea6612cd06ec9979dd5d7f.tar.gz"
      },
      "original": {
        "type": "tarball",
        "url": "https://github.com/NixOS/nixpkgs/archive/cc2f28000298e1269cea6612cd06ec9979dd5d7f.tar.gz"
      }
    },
    "nixpkgs_2": {
      "locked": {
        "lastModified": 1755615617,
        "narHash": "sha256-HMwfAJBdrr8wXAkbGhtcby1zGFvs+StOp19xNsbqdOg=",
        "owner": "NixOS",
        "repo": "nixpkgs",
        "rev": "20075955deac2583bb12f07151c2df830ef346b4",
        "type": "github"
      },
      "original": {
        "owner": "NixOS",
        "ref": "nixos-unstable",
        "repo": "nixpkgs",
        "type": "github"
      }
    },
    "nixpkgs_3": {
      "locked": {
        "lastModified": 1732014248,
        "narHash": "sha256-y/MEyuJ5oBWrWAic/14LaIr/u5E0wRVzyYsouYY3W6w=",
        "owner": "NixOS",
        "repo": "nixpkgs",
        "rev": "23e89b7da85c3640bbc2173fe04f4bd114342367",
        "type": "github"
      },
      "original": {
        "owner": "NixOS",
        "ref": "nixos-unstable",
        "repo": "nixpkgs",
        "type": "github"
      }
    },
    "nixpkgs_4": {
      "locked": {
        "lastModified": 1758070117,
        "narHash": "sha256-uLwwHFCZnT1c3N3biVe/0hCkag2GSrf9+M56+Okf+WY=",
        "owner": "nixos",
        "repo": "nixpkgs",
        "rev": "e9b7f2ff62b35f711568b1f0866243c7c302028d",
        "type": "github"
      },
      "original": {
        "owner": "nixos",
        "ref": "nixos-25.05",
        "repo": "nixpkgs",
        "type": "github"
      }
    },
    "root": {
      "inputs": {
        "door-entry-bluetooth-web-app": "door-entry-bluetooth-web-app",
        "door-entry-management-system": "door-entry-management-system",
        "llama-cpp-leigh": "llama-cpp-leigh",
        "nixos-hardware": "nixos-hardware",
        "nixpkgs": "nixpkgs_4"
      }
    },
    "systems": {
      "locked": {
        "lastModified": 1681028828,
        "narHash": "sha256-Vy1rq5AaRuLzOxct8nz4T6wlgyUR7zLU309k9mBC768=",
        "owner": "nix-systems",
        "repo": "default",
        "rev": "da67096a3b9bf56a91d16901293e51ba5b49a27e",
        "type": "github"
      },
      "original": {
        "owner": "nix-systems",
        "repo": "default",
        "type": "github"
      }
    },
    "systems_2": {
      "locked": {
        "lastModified": 1681028828,
        "narHash": "sha256-Vy1rq5AaRuLzOxct8nz4T6wlgyUR7zLU309k9mBC768=",
        "owner": "nix-systems",
        "repo": "default",
        "rev": "da67096a3b9bf56a91d16901293e51ba5b49a27e",
        "type": "github"
      },
      "original": {
        "owner": "nix-systems",
        "repo": "default",
        "type": "github"
      }
    }
  },
  "root": "root",
  "version": 7
}
